
Microsoft Visual Studio Solution File, Format Version 12.00
# Visual Studio 14
VisualStudioVersion = 14.0.25420.1
MinimumVisualStudioVersion = 10.0.40219.1
Project("{FAE04EC0-301F-11D3-BF4B-00C04F79EFBC}") = "cw2.2", "cw2.2\cw2.2.csproj", "{DD93A833-1C3A-43E3-B8A9-832FBB0F4BEB}"
EndProject
Global
	GlobalSection(SolutionConfigurationPlatforms) = preSolution
		Debug|Any CPU = Debug|Any CPU
		Release|Any CPU = Release|Any CPU
	EndGlobalSection
	GlobalSection(ProjectConfigurationPlatforms) = postSolution
		{DD93A833-1C3A-43E3-B8A9-832FBB0F4BEB}.Debug|Any CPU.ActiveCfg = Debug|Any CPU
		{DD93A833-1C3A-43E3-B8A9-832FBB0F4BEB}.Debug|Any CPU.Build.0 = Debug|Any CPU
		{DD93A833-1C3A-43E3-B8A9-832FBB0F4BEB}.Release|Any CPU.ActiveCfg = Release|Any CPU
		{DD93A833-1C3A-43E3-B8A9-832FBB0F4BEB}.Release|Any CPU.Build.0 = Release|Any CPU
	EndGlobalSection
	GlobalSection(SolutionProperties) = preSolution
		HideSolutionNode = FALSE
	EndGlobalSection
EndGlobal
